
Microsoft Visual Studio Solution File, Format Version 12.00
# Visual Studio Version 17
VisualStudioVersion = 17.11.35312.102
MinimumVisualStudioVersion = 10.0.40219.1
Project("{9A19103F-16F7-4668-BE54-9A1E7A4F7556}") = "AuctionService", "src\AuctionService\AuctionService.csproj", "{7896B535-5BFF-4D36-BF59-FE9D68C231A7}"
EndProject
Project("{9A19103F-16F7-4668-BE54-9A1E7A4F7556}") = "Contracts", "src\Contracts\Contracts.csproj", "{712ABA68-B96A-4DD9-A4ED-B8D0C2BDF656}"
EndProject
Project("{2150E333-8FDC-42A3-9474-1A3956D46DE8}") = "src", "src", "{8F6A1848-FF3C-4C01-BF95-3E857F49F2A9}"
EndProject
Project("{9A19103F-16F7-4668-BE54-9A1E7A4F7556}") = "SearchService", "src\SearchService\SearchService.csproj", "{CE7B8AE5-9BBA-43DF-87EB-AC300C1A8A24}"
EndProject
Project("{FAE04EC0-301F-11D3-BF4B-00C04F79EFBC}") = "IdentityService", "src\IdentityService\IdentityService.csproj", "{DBB7D934-B462-4B66-B9E0-33F28C52449C}"
EndProject
Global
	GlobalSection(SolutionConfigurationPlatforms) = preSolution
		Debug|Any CPU = Debug|Any CPU
		Release|Any CPU = Release|Any CPU
	EndGlobalSection
	GlobalSection(ProjectConfigurationPlatforms) = postSolution
		{7896B535-5BFF-4D36-BF59-FE9D68C231A7}.Debug|Any CPU.ActiveCfg = Debug|Any CPU
		{7896B535-5BFF-4D36-BF59-FE9D68C231A7}.Debug|Any CPU.Build.0 = Debug|Any CPU
		{7896B535-5BFF-4D36-BF59-FE9D68C231A7}.Release|Any CPU.ActiveCfg = Release|Any CPU
		{7896B535-5BFF-4D36-BF59-FE9D68C231A7}.Release|Any CPU.Build.0 = Release|Any CPU
		{712ABA68-B96A-4DD9-A4ED-B8D0C2BDF656}.Debug|Any CPU.ActiveCfg = Debug|Any CPU
		{712ABA68-B96A-4DD9-A4ED-B8D0C2BDF656}.Debug|Any CPU.Build.0 = Debug|Any CPU
		{712ABA68-B96A-4DD9-A4ED-B8D0C2BDF656}.Release|Any CPU.ActiveCfg = Release|Any CPU
		{712ABA68-B96A-4DD9-A4ED-B8D0C2BDF656}.Release|Any CPU.Build.0 = Release|Any CPU
		{CE7B8AE5-9BBA-43DF-87EB-AC300C1A8A24}.Debug|Any CPU.ActiveCfg = Debug|Any CPU
		{CE7B8AE5-9BBA-43DF-87EB-AC300C1A8A24}.Debug|Any CPU.Build.0 = Debug|Any CPU
		{CE7B8AE5-9BBA-43DF-87EB-AC300C1A8A24}.Release|Any CPU.ActiveCfg = Release|Any CPU
		{CE7B8AE5-9BBA-43DF-87EB-AC300C1A8A24}.Release|Any CPU.Build.0 = Release|Any CPU
		{DBB7D934-B462-4B66-B9E0-33F28C52449C}.Debug|Any CPU.ActiveCfg = Debug|Any CPU
		{DBB7D934-B462-4B66-B9E0-33F28C52449C}.Debug|Any CPU.Build.0 = Debug|Any CPU
		{DBB7D934-B462-4B66-B9E0-33F28C52449C}.Release|Any CPU.ActiveCfg = Release|Any CPU
		{DBB7D934-B462-4B66-B9E0-33F28C52449C}.Release|Any CPU.Build.0 = Release|Any CPU
	EndGlobalSection
	GlobalSection(SolutionProperties) = preSolution
		HideSolutionNode = FALSE
	EndGlobalSection
	GlobalSection(NestedProjects) = preSolution
		{7896B535-5BFF-4D36-BF59-FE9D68C231A7} = {8F6A1848-FF3C-4C01-BF95-3E857F49F2A9}
		{712ABA68-B96A-4DD9-A4ED-B8D0C2BDF656} = {8F6A1848-FF3C-4C01-BF95-3E857F49F2A9}
		{CE7B8AE5-9BBA-43DF-87EB-AC300C1A8A24} = {8F6A1848-FF3C-4C01-BF95-3E857F49F2A9}
		{DBB7D934-B462-4B66-B9E0-33F28C52449C} = {8F6A1848-FF3C-4C01-BF95-3E857F49F2A9}
	EndGlobalSection
	GlobalSection(ExtensibilityGlobals) = postSolution
		SolutionGuid = {454FDA66-ABDD-4383-89E9-6FB3FE87272C}
	EndGlobalSection
EndGlobal
